github.com/dyvdev/telegram-bot-api v0.0.0-20240221155320-954290bad843 h1:+L9xkNc2mtGFo1lwDPBOgu18TK5XBuKcwZJdqaAUKYs=
github.com/dyvdev/telegram-bot-api v0.0.0-20240221155320-954290bad843/go.mod h1:smwkrxxSJWPYzH/BBI4aF3R1s56jLb7wHhOK4rKG/I8=
github.com/nu7hatch/gouuid v0.0.0-20131221200532-179d4d0c4d8d h1:VhgPp6v9qf9Agr/56bj7Y/xa04UccTW04VP0Qed4vnQ=
github.com/nu7hatch/gouuid v0.0.0-20131221200532-179d4d0c4d8d/go.mod h1:YUTz3bUH2ZwIWBy3CJBeOBEugqcmXREj14T+iG/4k4U=
github.com/remyoudompheng/bigfft v0.0.0-20230129092748-24d4a6f8daec h1:W09IVJc94icq4NjY3clb7Lk8O1qJ8BdBEF8z0ibU0rE=
github.com/remyoudompheng/bigfft v0.0.0-20230129092748-24d4a6f8daec/go.mod h1:qqbHyh8v60DhA7CoWK5oRCqLrMHRGoxYCSS9EjAz6Eo=
github.com/saintbyte/gigachat_api v0.0.3 h1:ZFqPprMTS3pJb00S0974h4yqICWa/kIuJ5tfyYiSPMM=
github.com/saintbyte/gigachat_api v0.0.3/go.mod h1:X5/Jg83ox6uCsUwo7lb/c5aF9Js1rQXwJvJJPqT5XUs=
modernc.org/mathutil v1.7.1 h1:GCZVGXdaN8gTqB1Mf/usp1Y/hSqgI2vAGGP4jZMCxOU=
modernc.org/mathutil v1.7.1/go.mod h1:4p5IwJITfppl0G4sUEDtCr4DthTaT47/N3aT6MhfgJg=
mvdan.cc/xurls/v2 v2.6.0 h1:3NTZpeTxYVWNSokW3MKeyVkz/j7uYXYiMtXRUfmjbgI=
mvdan.cc/xurls/v2 v2.6.0/go.mod h1:bCvEZ1XvdA6wDnxY7jPPjEmigDtvtvPXAD/Exa9IMSk=
